// !$*UTF8*$!
{
	archiveVersion = 1;
	classes = {
	};
	objectVersion = 46;
	objects = {

/* Begin PBXBuildFile section */
		EC174FE319BA1ED00011469C /* AppDelegate.swift in Sources */ = {isa = PBXBuildFile; fileRef = EC174FE219BA1ED00011469C /* AppDelegate.swift */; };
		EC174FEA19BA1ED00011469C /* Images.xcassets in Resources */ = {isa = PBXBuildFile; fileRef = EC174FE919BA1ED00011469C /* Images.xcassets */; };
		EC174FF619BA1ED00011469C /* PetrolMapTests.swift in Sources */ = {isa = PBXBuildFile; fileRef = EC174FF519BA1ED00011469C /* PetrolMapTests.swift */; };
		EC17500019BA210C0011469C /* MainViewController.xib in Resources */ = {isa = PBXBuildFile; fileRef = EC174FFF19BA210C0011469C /* MainViewController.xib */; };
		EC17500219BA21340011469C /* MainViewController.swift in Sources */ = {isa = PBXBuildFile; fileRef = EC17500119BA21340011469C /* MainViewController.swift */; };
		EC4B28A319BABB38003A995F /* CoreLocation.framework in Frameworks */ = {isa = PBXBuildFile; fileRef = EC4B28A219BABB38003A995F /* CoreLocation.framework */; };
		EC4B28A519BABB56003A995F /* QuartzCore.framework in Frameworks */ = {isa = PBXBuildFile; fileRef = EC4B28A419BABB56003A995F /* QuartzCore.framework */; };
		EC4B28A719BABB60003A995F /* OpenGLES.framework in Frameworks */ = {isa = PBXBuildFile; fileRef = EC4B28A619BABB60003A995F /* OpenGLES.framework */; };
		EC4B28A919BABB69003A995F /* SystemConfiguration.framework in Frameworks */ = {isa = PBXBuildFile; fileRef = EC4B28A819BABB69003A995F /* SystemConfiguration.framework */; };
		EC4B28AB19BABB74003A995F /* CoreGraphics.framework in Frameworks */ = {isa = PBXBuildFile; fileRef = EC4B28AA19BABB74003A995F /* CoreGraphics.framework */; };
		EC4B28AD19BABB7C003A995F /* Security.framework in Frameworks */ = {isa = PBXBuildFile; fileRef = EC4B28AC19BABB7C003A995F /* Security.framework */; };
		EC4B28B019BABC01003A995F /* mapapi.bundle in Resources */ = {isa = PBXBuildFile; fileRef = EC4B28AF19BABC01003A995F /* mapapi.bundle */; };
		EC4B28B819BACC5C003A995F /* libbaidumapapi.a in Frameworks */ = {isa = PBXBuildFile; fileRef = EC4B28B719BACC5C003A995F /* libbaidumapapi.a */; };
		EC4B28BA19BACC6D003A995F /* libbaidumapapi.a in Frameworks */ = {isa = PBXBuildFile; fileRef = EC4B28B919BACC6D003A995F /* libbaidumapapi.a */; };
		EC4B28BD19BACDD8003A995F /* BridgingFile.mm in Sources */ = {isa = PBXBuildFile; fileRef = EC4B28BC19BACDD8003A995F /* BridgingFile.mm */; };
/* End PBXBuildFile section */

/* Begin PBXContainerItemProxy section */
		EC174FF019BA1ED00011469C /* PBXContainerItemProxy */ = {
			isa = PBXContainerItemProxy;
			containerPortal = EC174FD519BA1ED00011469C /* Project object */;
			proxyType = 1;
			remoteGlobalIDString = EC174FDC19BA1ED00011469C;
			remoteInfo = PetrolMap;
		};
/* End PBXContainerItemProxy section */

/* Begin PBXFileReference section */
		EC174FDD19BA1ED00011469C /* PetrolMap.app */ = {isa = PBXFileReference; explicitFileType = wrapper.application; includeInIndex = 0; path = PetrolMap.app; sourceTree = BUILT_PRODUCTS_DIR; };
		EC174FE119BA1ED00011469C /* Info.plist */ = {isa = PBXFileReference; lastKnownFileType = text.plist.xml; path = Info.plist; sourceTree = "<group>"; };
		EC174FE219BA1ED00011469C /* AppDelegate.swift */ = {isa = PBXFileReference; lastKnownFileType = sourcecode.swift; path = AppDelegate.swift; sourceTree = "<group>"; };
		EC174FE919BA1ED00011469C /* Images.xcassets */ = {isa = PBXFileReference; lastKnownFileType = folder.assetcatalog; path = Images.xcassets; sourceTree = "<group>"; };
		EC174FEF19BA1ED00011469C /* PetrolMapTests.xctest */ = {isa = PBXFileReference; explicitFileType = wrapper.cfbundle; includeInIndex = 0; path = PetrolMapTests.xctest; sourceTree = BUILT_PRODUCTS_DIR; };
		EC174FF419BA1ED00011469C /* Info.plist */ = {isa = PBXFileReference; lastKnownFileType = text.plist.xml; path = Info.plist; sourceTree = "<group>"; };
		EC174FF519BA1ED00011469C /* PetrolMapTests.swift */ = {isa = PBXFileReference; lastKnownFileType = sourcecode.swift; path = PetrolMapTests.swift; sourceTree = "<group>"; };
		EC174FFF19BA210C0011469C /* MainViewController.xib */ = {isa = PBXFileReference; fileEncoding = 4; lastKnownFileType = file.xib; path = MainViewController.xib; sourceTree = "<group>"; };
		EC17500119BA21340011469C /* MainViewController.swift */ = {isa = PBXFileReference; fileEncoding = 4; lastKnownFileType = sourcecode.swift; path = MainViewController.swift; sourceTree = "<group>"; };
		EC17500619BA94400011469C /* BMapKit.h */ = {isa = PBXFileReference; fileEncoding = 4; lastKnownFileType = sourcecode.c.h; path = BMapKit.h; sourceTree = "<group>"; };
		EC17500719BA94400011469C /* BMKActionPaopaoView.h */ = {isa = PBXFileReference; fileEncoding = 4; lastKnownFileType = sourcecode.c.h; path = BMKActionPaopaoView.h; sourceTree = "<group>"; };
		EC17500819BA94400011469C /* BMKAnnotation.h */ = {isa = PBXFileReference; fileEncoding = 4; lastKnownFileType = sourcecode.c.h; path = BMKAnnotation.h; sourceTree = "<group>"; };
		EC17500919BA94400011469C /* BMKAnnotationView.h */ = {isa = PBXFileReference; fileEncoding = 4; lastKnownFileType = sourcecode.c.h; path = BMKAnnotationView.h; sourceTree = "<group>"; };
		EC17500A19BA94400011469C /* BMKArcline.h */ = {isa = PBXFileReference; fileEncoding = 4; lastKnownFileType = sourcecode.c.h; path = BMKArcline.h; sourceTree = "<group>"; };
		EC17500B19BA94400011469C /* BMKArclineView.h */ = {isa = PBXFileReference; fileEncoding = 4; lastKnownFileType = sourcecode.c.h; path = BMKArclineView.h; sourceTree = "<group>"; };
		EC17500C19BA94400011469C /* BMKBaseComponent.h */ = {isa = PBXFileReference; fileEncoding = 4; lastKnownFileType = sourcecode.c.h; path = BMKBaseComponent.h; sourceTree = "<group>"; };
		EC17500D19BA94400011469C /* BMKBusLineSearch.h */ = {isa = PBXFileReference; fileEncoding = 4; lastKnownFileType = sourcecode.c.h; path = BMKBusLineSearch.h; sourceTree = "<group>"; };
		EC17500E19BA94400011469C /* BMKBusLineSearchOption.h */ = {isa = PBXFileReference; fileEncoding = 4; lastKnownFileType = sourcecode.c.h; path = BMKBusLineSearchOption.h; sourceTree = "<group>"; };
		EC17500F19BA94400011469C /* BMKCircle.h */ = {isa = PBXFileReference; fileEncoding = 4; lastKnownFileType = sourcecode.c.h; path = BMKCircle.h; sourceTree = "<group>"; };
		EC17501019BA94400011469C /* BMKCircleView.h */ = {isa = PBXFileReference; fileEncoding = 4; lastKnownFileType = sourcecode.c.h; path = BMKCircleView.h; sourceTree = "<group>"; };
		EC17501119BA94400011469C /* BMKCloudPOIList.h */ = {isa = PBXFileReference; fileEncoding = 4; lastKnownFileType = sourcecode.c.h; path = BMKCloudPOIList.h; sourceTree = "<group>"; };
		EC17501219BA94400011469C /* BMKCloudSearch.h */ = {isa = PBXFileReference; fileEncoding = 4; lastKnownFileType = sourcecode.c.h; path = BMKCloudSearch.h; sourceTree = "<group>"; };
		EC17501319BA94400011469C /* BMKCloudSearchComponent.h */ = {isa = PBXFileReference; fileEncoding = 4; lastKnownFileType = sourcecode.c.h; path = BMKCloudSearchComponent.h; sourceTree = "<group>"; };
		EC17501419BA94400011469C /* BMKCloudSearchInfo.h */ = {isa = PBXFileReference; fileEncoding = 4; lastKnownFileType = sourcecode.c.h; path = BMKCloudSearchInfo.h; sourceTree = "<group>"; };
		EC17501519BA94400011469C /* BMKGeneralDelegate.h */ = {isa = PBXFileReference; fileEncoding = 4; lastKnownFileType = sourcecode.c.h; path = BMKGeneralDelegate.h; sourceTree = "<group>"; };
		EC17501619BA94400011469C /* BMKGeocodeSearch.h */ = {isa = PBXFileReference; fileEncoding = 4; lastKnownFileType = sourcecode.c.h; path = BMKGeocodeSearch.h; sourceTree = "<group>"; };
		EC17501719BA94400011469C /* BMKGeocodeSearchOption.h */ = {isa = PBXFileReference; fileEncoding = 4; lastKnownFileType = sourcecode.c.h; path = BMKGeocodeSearchOption.h; sourceTree = "<group>"; };
		EC17501819BA94400011469C /* BMKGeocodeType.h */ = {isa = PBXFileReference; fileEncoding = 4; lastKnownFileType = sourcecode.c.h; path = BMKGeocodeType.h; sourceTree = "<group>"; };
		EC17501919BA94400011469C /* BMKGeometry.h */ = {isa = PBXFileReference; fileEncoding = 4; lastKnownFileType = sourcecode.c.h; path = BMKGeometry.h; sourceTree = "<group>"; };
		EC17501A19BA94400011469C /* BMKGradient.h */ = {isa = PBXFileReference; fileEncoding = 4; lastKnownFileType = sourcecode.c.h; path = BMKGradient.h; sourceTree = "<group>"; };
		EC17501B19BA94400011469C /* BMKGroundOverlay.h */ = {isa = PBXFileReference; fileEncoding = 4; lastKnownFileType = sourcecode.c.h; path = BMKGroundOverlay.h; sourceTree = "<group>"; };
		EC17501C19BA94400011469C /* BMKGroundOverlayView.h */ = {isa = PBXFileReference; fileEncoding = 4; lastKnownFileType = sourcecode.c.h; path = BMKGroundOverlayView.h; sourceTree = "<group>"; };
		EC17501D19BA94400011469C /* BMKHeatMap.h */ = {isa = PBXFileReference; fileEncoding = 4; lastKnownFileType = sourcecode.c.h; path = BMKHeatMap.h; sourceTree = "<group>"; };
		EC17501E19BA94400011469C /* BMKLocationComponent.h */ = {isa = PBXFileReference; fileEncoding = 4; lastKnownFileType = sourcecode.c.h; path = BMKLocationComponent.h; sourceTree = "<group>"; };
		EC17501F19BA94400011469C /* BMKLocationService.h */ = {isa = PBXFileReference; fileEncoding = 4; lastKnownFileType = sourcecode.c.h; path = BMKLocationService.h; sourceTree = "<group>"; };
		EC17502019BA94400011469C /* BMKLocationViewDisplayParam.h */ = {isa = PBXFileReference; fileEncoding = 4; lastKnownFileType = sourcecode.c.h; path = BMKLocationViewDisplayParam.h; sourceTree = "<group>"; };
		EC17502119BA94400011469C /* BMKMapComponent.h */ = {isa = PBXFileReference; fileEncoding = 4; lastKnownFileType = sourcecode.c.h; path = BMKMapComponent.h; sourceTree = "<group>"; };
		EC17502219BA94400011469C /* BMKMapManager.h */ = {isa = PBXFileReference; fileEncoding = 4; lastKnownFileType = sourcecode.c.h; path = BMKMapManager.h; sourceTree = "<group>"; };
		EC17502319BA94400011469C /* BMKMapStatus.h */ = {isa = PBXFileReference; fileEncoding = 4; lastKnownFileType = sourcecode.c.h; path = BMKMapStatus.h; sourceTree = "<group>"; };
		EC17502419BA94400011469C /* BMKMapView.h */ = {isa = PBXFileReference; fileEncoding = 4; lastKnownFileType = sourcecode.c.h; path = BMKMapView.h; sourceTree = "<group>"; };
		EC17502519BA94400011469C /* BMKMultiPoint.h */ = {isa = PBXFileReference; fileEncoding = 4; lastKnownFileType = sourcecode.c.h; path = BMKMultiPoint.h; sourceTree = "<group>"; };
		EC17502619BA94400011469C /* BMKNavigation.h */ = {isa = PBXFileReference; fileEncoding = 4; lastKnownFileType = sourcecode.c.h; path = BMKNavigation.h; sourceTree = "<group>"; };
		EC17502719BA94400011469C /* BMKOfflineMap.h */ = {isa = PBXFileReference; fileEncoding = 4; lastKnownFileType = sourcecode.c.h; path = BMKOfflineMap.h; sourceTree = "<group>"; };
		EC17502819BA94400011469C /* BMKOfflineMapType.h */ = {isa = PBXFileReference; fileEncoding = 4; lastKnownFileType = sourcecode.c.h; path = BMKOfflineMapType.h; sourceTree = "<group>"; };
		EC17502919BA94400011469C /* BMKOverlay.h */ = {isa = PBXFileReference; fileEncoding = 4; lastKnownFileType = sourcecode.c.h; path = BMKOverlay.h; sourceTree = "<group>"; };
		EC17502A19BA94400011469C /* BMKOverlayGLBasicView.h */ = {isa = PBXFileReference; fileEncoding = 4; lastKnownFileType = sourcecode.c.h; path = BMKOverlayGLBasicView.h; sourceTree = "<group>"; };
		EC17502B19BA94400011469C /* BMKOverlayPathView.h */ = {isa = PBXFileReference; fileEncoding = 4; lastKnownFileType = sourcecode.c.h; path = BMKOverlayPathView.h; sourceTree = "<group>"; };
		EC17502C19BA94400011469C /* BMKOverlayView.h */ = {isa = PBXFileReference; fileEncoding = 4; lastKnownFileType = sourcecode.c.h; path = BMKOverlayView.h; sourceTree = "<group>"; };
		EC17502D19BA94400011469C /* BMKPinAnnotationView.h */ = {isa = PBXFileReference; fileEncoding = 4; lastKnownFileType = sourcecode.c.h; path = BMKPinAnnotationView.h; sourceTree = "<group>"; };
		EC17502E19BA94400011469C /* BMKPointAnnotation.h */ = {isa = PBXFileReference; fileEncoding = 4; lastKnownFileType = sourcecode.c.h; path = BMKPointAnnotation.h; sourceTree = "<group>"; };
		EC17502F19BA94400011469C /* BMKPoiSearch.h */ = {isa = PBXFileReference; fileEncoding = 4; lastKnownFileType = sourcecode.c.h; path = BMKPoiSearch.h; sourceTree = "<group>"; };
		EC17503019BA94400011469C /* BMKPoiSearchOption.h */ = {isa = PBXFileReference; fileEncoding = 4; lastKnownFileType = sourcecode.c.h; path = BMKPoiSearchOption.h; sourceTree = "<group>"; };
		EC17503119BA94400011469C /* BMKPoiSearchType.h */ = {isa = PBXFileReference; fileEncoding = 4; lastKnownFileType = sourcecode.c.h; path = BMKPoiSearchType.h; sourceTree = "<group>"; };
		EC17503219BA94400011469C /* BMKPolygon.h */ = {isa = PBXFileReference; fileEncoding = 4; lastKnownFileType = sourcecode.c.h; path = BMKPolygon.h; sourceTree = "<group>"; };
		EC17503319BA94400011469C /* BMKPolygonView.h */ = {isa = PBXFileReference; fileEncoding = 4; lastKnownFileType = sourcecode.c.h; path = BMKPolygonView.h; sourceTree = "<group>"; };
		EC17503419BA94400011469C /* BMKPolyline.h */ = {isa = PBXFileReference; fileEncoding = 4; lastKnownFileType = sourcecode.c.h; path = BMKPolyline.h; sourceTree = "<group>"; };
		EC17503519BA94400011469C /* BMKPolylineView.h */ = {isa = PBXFileReference; fileEncoding = 4; lastKnownFileType = sourcecode.c.h; path = BMKPolylineView.h; sourceTree = "<group>"; };
		EC17503619BA94400011469C /* BMKRouteSearch.h */ = {isa = PBXFileReference; fileEncoding = 4; lastKnownFileType = sourcecode.c.h; path = BMKRouteSearch.h; sourceTree = "<group>"; };
		EC17503719BA94400011469C /* BMKRouteSearchOption.h */ = {isa = PBXFileReference; fileEncoding = 4; lastKnownFileType = sourcecode.c.h; path = BMKRouteSearchOption.h; sourceTree = "<group>"; };
		EC17503819BA94400011469C /* BMKRouteSearchType.h */ = {isa = PBXFileReference; fileEncoding = 4; lastKnownFileType = sourcecode.c.h; path = BMKRouteSearchType.h; sourceTree = "<group>"; };
		EC17503919BA94400011469C /* BMKSearchComponent.h */ = {isa = PBXFileReference; fileEncoding = 4; lastKnownFileType = sourcecode.c.h; path = BMKSearchComponent.h; sourceTree = "<group>"; };
		EC17503A19BA94400011469C /* BMKShape.h */ = {isa = PBXFileReference; fileEncoding = 4; lastKnownFileType = sourcecode.c.h; path = BMKShape.h; sourceTree = "<group>"; };
		EC17503B19BA94400011469C /* BMKShareURLSearch.h */ = {isa = PBXFileReference; fileEncoding = 4; lastKnownFileType = sourcecode.c.h; path = BMKShareURLSearch.h; sourceTree = "<group>"; };
		EC17503C19BA94400011469C /* BMKShareUrlSearchOption.h */ = {isa = PBXFileReference; fileEncoding = 4; lastKnownFileType = sourcecode.c.h; path = BMKShareUrlSearchOption.h; sourceTree = "<group>"; };
		EC17503D19BA94400011469C /* BMKSuggestionSearch.h */ = {isa = PBXFileReference; fileEncoding = 4; lastKnownFileType = sourcecode.c.h; path = BMKSuggestionSearch.h; sourceTree = "<group>"; };
		EC17503E19BA94400011469C /* BMKSuggestionSearchOption.h */ = {isa = PBXFileReference; fileEncoding = 4; lastKnownFileType = sourcecode.c.h; path = BMKSuggestionSearchOption.h; sourceTree = "<group>"; };
		EC17503F19BA94400011469C /* BMKTypes.h */ = {isa = PBXFileReference; fileEncoding = 4; lastKnownFileType = sourcecode.c.h; path = BMKTypes.h; sourceTree = "<group>"; };
		EC17504019BA94400011469C /* BMKUserLocation.h */ = {isa = PBXFileReference; fileEncoding = 4; lastKnownFileType = sourcecode.c.h; path = BMKUserLocation.h; sourceTree = "<group>"; };
		EC17504119BA94400011469C /* BMKUtilsComponent.h */ = {isa = PBXFileReference; fileEncoding = 4; lastKnownFileType = sourcecode.c.h; path = BMKUtilsComponent.h; sourceTree = "<group>"; };
		EC17504219BA94400011469C /* BMKVersion.h */ = {isa = PBXFileReference; fileEncoding = 4; lastKnownFileType = sourcecode.c.h; path = BMKVersion.h; sourceTree = "<group>"; };
		EC17504619BA9ECC0011469C /* PetrolMap-Bridging-Header.h */ = {isa = PBXFileReference; lastKnownFileType = sourcecode.c.h; path = "PetrolMap-Bridging-Header.h"; sourceTree = "<group>"; };
		EC4B28A219BABB38003A995F /* CoreLocation.framework */ = {isa = PBXFileReference; lastKnownFileType = wrapper.framework; name = CoreLocation.framework; path = System/Library/Frameworks/CoreLocation.framework; sourceTree = SDKROOT; };
		EC4B28A419BABB56003A995F /* QuartzCore.framework */ = {isa = PBXFileReference; lastKnownFileType = wrapper.framework; name = QuartzCore.framework; path = System/Library/Frameworks/QuartzCore.framework; sourceTree = SDKROOT; };
		EC4B28A619BABB60003A995F /* OpenGLES.framework */ = {isa = PBXFileReference; lastKnownFileType = wrapper.framework; name = OpenGLES.framework; path = System/Library/Frameworks/OpenGLES.framework; sourceTree = SDKROOT; };
		EC4B28A819BABB69003A995F /* SystemConfiguration.framework */ = {isa = PBXFileReference; lastKnownFileType = wrapper.framework; name = SystemConfiguration.framework; path = System/Library/Frameworks/SystemConfiguration.framework; sourceTree = SDKROOT; };
		EC4B28AA19BABB74003A995F /* CoreGraphics.framework */ = {isa = PBXFileReference; lastKnownFileType = wrapper.framework; name = CoreGraphics.framework; path = System/Library/Frameworks/CoreGraphics.framework; sourceTree = SDKROOT; };
		EC4B28AC19BABB7C003A995F /* Security.framework */ = {isa = PBXFileReference; lastKnownFileType = wrapper.framework; name = Security.framework; path = System/Library/Frameworks/Security.framework; sourceTree = SDKROOT; };
		EC4B28AF19BABC01003A995F /* mapapi.bundle */ = {isa = PBXFileReference; lastKnownFileType = "wrapper.plug-in"; name = mapapi.bundle; path = PetrolMap/Libs/BaiduMap/mapapi.bundle; sourceTree = "<group>"; };
		EC4B28B719BACC5C003A995F /* libbaidumapapi.a */ = {isa = PBXFileReference; lastKnownFileType = archive.ar; name = libbaidumapapi.a; path = "PetrolMap/Libs/BaiduMap/Release-iphoneos/libbaidumapapi.a"; sourceTree = "<group>"; };
		EC4B28B919BACC6D003A995F /* libbaidumapapi.a */ = {isa = PBXFileReference; lastKnownFileType = archive.ar; name = libbaidumapapi.a; path = "PetrolMap/Libs/BaiduMap/Release-iphonesimulator/libbaidumapapi.a"; sourceTree = "<group>"; };
		EC4B28BB19BACDD8003A995F /* BridgingFile.h */ = {isa = PBXFileReference; fileEncoding = 4; lastKnownFileType = sourcecode.c.h; path = BridgingFile.h; sourceTree = "<group>"; };
		EC4B28BC19BACDD8003A995F /* BridgingFile.mm */ = {isa = PBXFileReference; fileEncoding = 4; lastKnownFileType = sourcecode.cpp.objcpp; path = BridgingFile.mm; sourceTree = "<group>"; };
/* End PBXFileReference section */

/* Begin PBXFrameworksBuildPhase section */
		EC174FDA19BA1ED00011469C /* Frameworks */ = {
			isa = PBXFrameworksBuildPhase;
			buildActionMask = 2147483647;
			files = (
				EC4B28AD19BABB7C003A995F /* Security.framework in Frameworks */,
				EC4B28AB19BABB74003A995F /* CoreGraphics.framework in Frameworks */,
				EC4B28A919BABB69003A995F /* SystemConfiguration.framework in Frameworks */,
				EC4B28BA19BACC6D003A995F /* libbaidumapapi.a in Frameworks */,
				EC4B28A719BABB60003A995F /* OpenGLES.framework in Frameworks */,
				EC4B28B819BACC5C003A995F /* libbaidumapapi.a in Frameworks */,
				EC4B28A519BABB56003A995F /* QuartzCore.framework in Frameworks */,
				EC4B28A319BABB38003A995F /* CoreLocation.framework in Frameworks */,
			);
			runOnlyForDeploymentPostprocessing = 0;
		};
		EC174FEC19BA1ED00011469C /* Frameworks */ = {
			isa = PBXFrameworksBuildPhase;
			buildActionMask = 2147483647;
			files = (
			);
			runOnlyForDeploymentPostprocessing = 0;
		};
/* End PBXFrameworksBuildPhase section */

/* Begin PBXGroup section */
		EC174FD419BA1ED00011469C = {
			isa = PBXGroup;
			children = (
				EC174FDF19BA1ED00011469C /* PetrolMap */,
				EC174FF219BA1ED00011469C /* PetrolMapTests */,
				EC174FDE19BA1ED00011469C /* Products */,
				EC4B28AE19BABB7F003A995F /* Frameworks */,
			);
			sourceTree = "<group>";
		};
		EC174FDE19BA1ED00011469C /* Products */ = {
			isa = PBXGroup;
			children = (
				EC174FDD19BA1ED00011469C /* PetrolMap.app */,
				EC174FEF19BA1ED00011469C /* PetrolMapTests.xctest */,
			);
			name = Products;
			sourceTree = "<group>";
		};
		EC174FDF19BA1ED00011469C /* PetrolMap */ = {
			isa = PBXGroup;
			children = (
				EC17500319BA93FA0011469C /* Libs */,
				EC174FE219BA1ED00011469C /* AppDelegate.swift */,
				EC174FFF19BA210C0011469C /* MainViewController.xib */,
				EC17500119BA21340011469C /* MainViewController.swift */,
				EC174FE919BA1ED00011469C /* Images.xcassets */,
				EC174FE019BA1ED00011469C /* Supporting Files */,
				EC17504619BA9ECC0011469C /* PetrolMap-Bridging-Header.h */,
				EC4B28BB19BACDD8003A995F /* BridgingFile.h */,
				EC4B28BC19BACDD8003A995F /* BridgingFile.mm */,
			);
			path = PetrolMap;
			sourceTree = "<group>";
		};
		EC174FE019BA1ED00011469C /* Supporting Files */ = {
			isa = PBXGroup;
			children = (
				EC174FE119BA1ED00011469C /* Info.plist */,
			);
			name = "Supporting Files";
			sourceTree = "<group>";
		};
		EC174FF219BA1ED00011469C /* PetrolMapTests */ = {
			isa = PBXGroup;
			children = (
				EC174FF519BA1ED00011469C /* PetrolMapTests.swift */,
				EC174FF319BA1ED00011469C /* Supporting Files */,
			);
			path = PetrolMapTests;
			sourceTree = "<group>";
		};
		EC174FF319BA1ED00011469C /* Supporting Files */ = {
			isa = PBXGroup;
			children = (
				EC174FF419BA1ED00011469C /* Info.plist */,
			);
			name = "Supporting Files";
			sourceTree = "<group>";
		};
		EC17500319BA93FA0011469C /* Libs */ = {
			isa = PBXGroup;
			children = (
				EC17500419BA94270011469C /* BaiduMap */,
			);
			name = Libs;
			path = ..;
			sourceTree = "<group>";
		};
		EC17500419BA94270011469C /* BaiduMap */ = {
			isa = PBXGroup;
			children = (
				EC4B28B919BACC6D003A995F /* libbaidumapapi.a */,
				EC4B28B719BACC5C003A995F /* libbaidumapapi.a */,
				EC4B28AF19BABC01003A995F /* mapapi.bundle */,
				EC17500519BA94400011469C /* inc */,
			);
			name = BaiduMap;
			sourceTree = "<group>";
		};
		EC17500519BA94400011469C /* inc */ = {
			isa = PBXGroup;
			children = (
				EC17500619BA94400011469C /* BMapKit.h */,
				EC17500719BA94400011469C /* BMKActionPaopaoView.h */,
				EC17500819BA94400011469C /* BMKAnnotation.h */,
				EC17500919BA94400011469C /* BMKAnnotationView.h */,
				EC17500A19BA94400011469C /* BMKArcline.h */,
				EC17500B19BA94400011469C /* BMKArclineView.h */,
				EC17500C19BA94400011469C /* BMKBaseComponent.h */,
				EC17500D19BA94400011469C /* BMKBusLineSearch.h */,
				EC17500E19BA94400011469C /* BMKBusLineSearchOption.h */,
				EC17500F19BA94400011469C /* BMKCircle.h */,
				EC17501019BA94400011469C /* BMKCircleView.h */,
				EC17501119BA94400011469C /* BMKCloudPOIList.h */,
				EC17501219BA94400011469C /* BMKCloudSearch.h */,
				EC17501319BA94400011469C /* BMKCloudSearchComponent.h */,
				EC17501419BA94400011469C /* BMKCloudSearchInfo.h */,
				EC17501519BA94400011469C /* BMKGeneralDelegate.h */,
				EC17501619BA94400011469C /* BMKGeocodeSearch.h */,
				EC17501719BA94400011469C /* BMKGeocodeSearchOption.h */,
				EC17501819BA94400011469C /* BMKGeocodeType.h */,
				EC17501919BA94400011469C /* BMKGeometry.h */,
				EC17501A19BA94400011469C /* BMKGradient.h */,
				EC17501B19BA94400011469C /* BMKGroundOverlay.h */,
				EC17501C19BA94400011469C /* BMKGroundOverlayView.h */,
				EC17501D19BA94400011469C /* BMKHeatMap.h */,
				EC17501E19BA94400011469C /* BMKLocationComponent.h */,
				EC17501F19BA94400011469C /* BMKLocationService.h */,
				EC17502019BA94400011469C /* BMKLocationViewDisplayParam.h */,
				EC17502119BA94400011469C /* BMKMapComponent.h */,
				EC17502219BA94400011469C /* BMKMapManager.h */,
				EC17502319BA94400011469C /* BMKMapStatus.h */,
				EC17502419BA94400011469C /* BMKMapView.h */,
				EC17502519BA94400011469C /* BMKMultiPoint.h */,
				EC17502619BA94400011469C /* BMKNavigation.h */,
				EC17502719BA94400011469C /* BMKOfflineMap.h */,
				EC17502819BA94400011469C /* BMKOfflineMapType.h */,
				EC17502919BA94400011469C /* BMKOverlay.h */,
				EC17502A19BA94400011469C /* BMKOverlayGLBasicView.h */,
				EC17502B19BA94400011469C /* BMKOverlayPathView.h */,
				EC17502C19BA94400011469C /* BMKOverlayView.h */,
				EC17502D19BA94400011469C /* BMKPinAnnotationView.h */,
				EC17502E19BA94400011469C /* BMKPointAnnotation.h */,
				EC17502F19BA94400011469C /* BMKPoiSearch.h */,
				EC17503019BA94400011469C /* BMKPoiSearchOption.h */,
				EC17503119BA94400011469C /* BMKPoiSearchType.h */,
				EC17503219BA94400011469C /* BMKPolygon.h */,
				EC17503319BA94400011469C /* BMKPolygonView.h */,
				EC17503419BA94400011469C /* BMKPolyline.h */,
				EC17503519BA94400011469C /* BMKPolylineView.h */,
				EC17503619BA94400011469C /* BMKRouteSearch.h */,
				EC17503719BA94400011469C /* BMKRouteSearchOption.h */,
				EC17503819BA94400011469C /* BMKRouteSearchType.h */,
				EC17503919BA94400011469C /* BMKSearchComponent.h */,
				EC17503A19BA94400011469C /* BMKShape.h */,
				EC17503B19BA94400011469C /* BMKShareURLSearch.h */,
				EC17503C19BA94400011469C /* BMKShareUrlSearchOption.h */,
				EC17503D19BA94400011469C /* BMKSuggestionSearch.h */,
				EC17503E19BA94400011469C /* BMKSuggestionSearchOption.h */,
				EC17503F19BA94400011469C /* BMKTypes.h */,
				EC17504019BA94400011469C /* BMKUserLocation.h */,
				EC17504119BA94400011469C /* BMKUtilsComponent.h */,
				EC17504219BA94400011469C /* BMKVersion.h */,
			);
			name = inc;
			path = PetrolMap/Libs/BaiduMap/inc;
			sourceTree = "<group>";
		};
		EC4B28AE19BABB7F003A995F /* Frameworks */ = {
			isa = PBXGroup;
			children = (
				EC4B28AC19BABB7C003A995F /* Security.framework */,
				EC4B28AA19BABB74003A995F /* CoreGraphics.framework */,
				EC4B28A819BABB69003A995F /* SystemConfiguration.framework */,
				EC4B28A619BABB60003A995F /* OpenGLES.framework */,
				EC4B28A419BABB56003A995F /* QuartzCore.framework */,
				EC4B28A219BABB38003A995F /* CoreLocation.framework */,
			);
			name = Frameworks;
			sourceTree = "<group>";
		};
/* End PBXGroup section */

/* Begin PBXNativeTarget section */
		EC174FDC19BA1ED00011469C /* PetrolMap */ = {
			isa = PBXNativeTarget;
			buildConfigurationList = EC174FF919BA1ED00011469C /* Build configuration list for PBXNativeTarget "PetrolMap" */;
			buildPhases = (
				EC174FD919BA1ED00011469C /* Sources */,
				EC174FDA19BA1ED00011469C /* Frameworks */,
				EC174FDB19BA1ED00011469C /* Resources */,
			);
			buildRules = (
			);
			dependencies = (
			);
			name = PetrolMap;
			productName = PetrolMap;
			productReference = EC174FDD19BA1ED00011469C /* PetrolMap.app */;
			productType = "com.apple.product-type.application";
		};
		EC174FEE19BA1ED00011469C /* PetrolMapTests */ = {
			isa = PBXNativeTarget;
			buildConfigurationList = EC174FFC19BA1ED00011469C /* Build configuration list for PBXNativeTarget "PetrolMapTests" */;
			buildPhases = (
				EC174FEB19BA1ED00011469C /* Sources */,
				EC174FEC19BA1ED00011469C /* Frameworks */,
				EC174FED19BA1ED00011469C /* Resources */,
			);
			buildRules = (
			);
			dependencies = (
				EC174FF119BA1ED00011469C /* PBXTargetDependency */,
			);
			name = PetrolMapTests;
			productName = PetrolMapTests;
			productReference = EC174FEF19BA1ED00011469C /* PetrolMapTests.xctest */;
			productType = "com.apple.product-type.bundle.unit-test";
		};
/* End PBXNativeTarget section */

/* Begin PBXProject section */
		EC174FD519BA1ED00011469C /* Project object */ = {
			isa = PBXProject;
			attributes = {
				LastUpgradeCheck = 0600;
				ORGANIZATIONNAME = "Xing Michael";
				TargetAttributes = {
					EC174FDC19BA1ED00011469C = {
						CreatedOnToolsVersion = 6.0;
					};
					EC174FEE19BA1ED00011469C = {
						CreatedOnToolsVersion = 6.0;
						TestTargetID = EC174FDC19BA1ED00011469C;
					};
				};
			};
			buildConfigurationList = EC174FD819BA1ED00011469C /* Build configuration list for PBXProject "PetrolMap" */;
			compatibilityVersion = "Xcode 3.2";
			developmentRegion = English;
			hasScannedForEncodings = 0;
			knownRegions = (
				en,
				Base,
			);
			mainGroup = EC174FD419BA1ED00011469C;
			productRefGroup = EC174FDE19BA1ED00011469C /* Products */;
			projectDirPath = "";
			projectRoot = "";
			targets = (
				EC174FDC19BA1ED00011469C /* PetrolMap */,
				EC174FEE19BA1ED00011469C /* PetrolMapTests */,
			);
		};
/* End PBXProject section */

/* Begin PBXResourcesBuildPhase section */
		EC174FDB19BA1ED00011469C /* Resources */ = {
			isa = PBXResourcesBuildPhase;
			buildActionMask = 2147483647;
			files = (
				EC4B28B019BABC01003A995F /* mapapi.bundle in Resources */,
				EC174FEA19BA1ED00011469C /* Images.xcassets in Resources */,
				EC17500019BA210C0011469C /* MainViewController.xib in Resources */,
			);
			runOnlyForDeploymentPostprocessing = 0;
		};
		EC174FED19BA1ED00011469C /* Resources */ = {
			isa = PBXResourcesBuildPhase;
			buildActionMask = 2147483647;
			files = (
			);
			runOnlyForDeploymentPostprocessing = 0;
		};
/* End PBXResourcesBuildPhase section */

/* Begin PBXSourcesBuildPhase section */
		EC174FD919BA1ED00011469C /* Sources */ = {
			isa = PBXSourcesBuildPhase;
			buildActionMask = 2147483647;
			files = (
				EC4B28BD19BACDD8003A995F /* BridgingFile.mm in Sources */,
				EC174FE319BA1ED00011469C /* AppDelegate.swift in Sources */,
				EC17500219BA21340011469C /* MainViewController.swift in Sources */,
			);
			runOnlyForDeploymentPostprocessing = 0;
		};
		EC174FEB19BA1ED00011469C /* Sources */ = {
			isa = PBXSourcesBuildPhase;
			buildActionMask = 2147483647;
			files = (
				EC174FF619BA1ED00011469C /* PetrolMapTests.swift in Sources */,
			);
			runOnlyForDeploymentPostprocessing = 0;
		};
/* End PBXSourcesBuildPhase section */

/* Begin PBXTargetDependency section */
		EC174FF119BA1ED00011469C /* PBXTargetDependency */ = {
			isa = PBXTargetDependency;
			target = EC174FDC19BA1ED00011469C /* PetrolMap */;
			targetProxy = EC174FF019BA1ED00011469C /* PBXContainerItemProxy */;
		};
/* End PBXTargetDependency section */

/* Begin XCBuildConfiguration section */
		EC174FF719BA1ED00011469C /* Debug */ = {
			isa = XCBuildConfiguration;
			buildSettings = {
				ALWAYS_SEARCH_USER_PATHS = NO;
				CLANG_CXX_LANGUAGE_STANDARD = "gnu++0x";
				CLANG_CXX_LIBRARY = "libc++";
				CLANG_ENABLE_MODULES = YES;
				CLANG_ENABLE_OBJC_ARC = YES;
				CLANG_WARN_BOOL_CONVERSION = YES;
				CLANG_WARN_CONSTANT_CONVERSION = YES;
				CLANG_WARN_DIRECT_OBJC_ISA_USAGE = YES_ERROR;
				CLANG_WARN_EMPTY_BODY = YES;
				CLANG_WARN_ENUM_CONVERSION = YES;
				CLANG_WARN_INT_CONVERSION = YES;
				CLANG_WARN_OBJC_ROOT_CLASS = YES_ERROR;
				CLANG_WARN_UNREACHABLE_CODE = YES;
				CLANG_WARN__DUPLICATE_METHOD_MATCH = YES;
				"CODE_SIGN_IDENTITY[sdk=iphoneos*]" = "iPhone Developer";
				COPY_PHASE_STRIP = NO;
				ENABLE_STRICT_OBJC_MSGSEND = YES;
				GCC_C_LANGUAGE_STANDARD = gnu99;
				GCC_DYNAMIC_NO_PIC = NO;
				GCC_OPTIMIZATION_LEVEL = 0;
				GCC_PREPROCESSOR_DEFINITIONS = (
					"DEBUG=1",
					"$(inherited)",
				);
				GCC_SYMBOLS_PRIVATE_EXTERN = NO;
				GCC_WARN_64_TO_32_BIT_CONVERSION = YES;
				GCC_WARN_ABOUT_RETURN_TYPE = YES_ERROR;
				GCC_WARN_UNDECLARED_SELECTOR = YES;
				GCC_WARN_UNINITIALIZED_AUTOS = YES_AGGRESSIVE;
				GCC_WARN_UNUSED_FUNCTION = YES;
				GCC_WARN_UNUSED_VARIABLE = YES;
				IPHONEOS_DEPLOYMENT_TARGET = 8.0;
				MTL_ENABLE_DEBUG_INFO = YES;
				ONLY_ACTIVE_ARCH = YES;
				SDKROOT = iphoneos;
				SWIFT_OPTIMIZATION_LEVEL = "-Onone";
			};
			name = Debug;
		};
		EC174FF819BA1ED00011469C /* Release */ = {
			isa = XCBuildConfiguration;
			buildSettings = {
				ALWAYS_SEARCH_USER_PATHS = NO;
				CLANG_CXX_LANGUAGE_STANDARD = "gnu++0x";
				CLANG_CXX_LIBRARY = "libc++";
				CLANG_ENABLE_MODULES = YES;
				CLANG_ENABLE_OBJC_ARC = YES;
				CLANG_WARN_BOOL_CONVERSION = YES;
				CLANG_WARN_CONSTANT_CONVERSION = YES;
				CLANG_WARN_DIRECT_OBJC_ISA_USAGE = YES_ERROR;
				CLANG_WARN_EMPTY_BODY = YES;
				CLANG_WARN_ENUM_CONVERSION = YES;
				CLANG_WARN_INT_CONVERSION = YES;
				CLANG_WARN_OBJC_ROOT_CLASS = YES_ERROR;
				CLANG_WARN_UNREACHABLE_CODE = YES;
				CLANG_WARN__DUPLICATE_METHOD_MATCH = YES;
				"CODE_SIGN_IDENTITY[sdk=iphoneos*]" = "iPhone Developer";
				COPY_PHASE_STRIP = YES;
				ENABLE_NS_ASSERTIONS = NO;
				ENABLE_STRICT_OBJC_MSGSEND = YES;
				GCC_C_LANGUAGE_STANDARD = gnu99;
				GCC_WARN_64_TO_32_BIT_CONVERSION = YES;
				GCC_WARN_ABOUT_RETURN_TYPE = YES_ERROR;
				GCC_WARN_UNDECLARED_SELECTOR = YES;
				GCC_WARN_UNINITIALIZED_AUTOS = YES_AGGRESSIVE;
				GCC_WARN_UNUSED_FUNCTION = YES;
				GCC_WARN_UNUSED_VARIABLE = YES;
				IPHONEOS_DEPLOYMENT_TARGET = 8.0;
				MTL_ENABLE_DEBUG_INFO = NO;
				SDKROOT = iphoneos;
				VALIDATE_PRODUCT = YES;
			};
			name = Release;
		};
		EC174FFA19BA1ED00011469C /* Debug */ = {
			isa = XCBuildConfiguration;
			buildSettings = {
				ASSETCATALOG_COMPILER_APPICON_NAME = AppIcon;
				ASSETCATALOG_COMPILER_LAUNCHIMAGE_NAME = LaunchImage;
				CLANG_ENABLE_MODULES = YES;
				INFOPLIST_FILE = PetrolMap/Info.plist;
				LD_RUNPATH_SEARCH_PATHS = "$(inherited) @executable_path/Frameworks";
				LIBRARY_SEARCH_PATHS = "$(SRCROOT)/PetrolMap/Libs/BaiduMap/Release$(EFFECTIVE_PLATFORM_NAME)";
				OTHER_LDFLAGS = "-all_load";
				PRODUCT_NAME = "$(TARGET_NAME)";
				SWIFT_OBJC_BRIDGING_HEADER = "PetrolMap/PetrolMap-Bridging-Header.h";
				SWIFT_OPTIMIZATION_LEVEL = "-Onone";
			};
			name = Debug;
		};
		EC174FFB19BA1ED00011469C /* Release */ = {
			isa = XCBuildConfiguration;
			buildSettings = {
				ASSETCATALOG_COMPILER_APPICON_NAME = AppIcon;
				ASSETCATALOG_COMPILER_LAUNCHIMAGE_NAME = LaunchImage;
				CLANG_ENABLE_MODULES = YES;
				INFOPLIST_FILE = PetrolMap/Info.plist;
				LD_RUNPATH_SEARCH_PATHS = "$(inherited) @executable_path/Frameworks";
				LIBRARY_SEARCH_PATHS = "$(SRCROOT)/PetrolMap/Libs/BaiduMap/Release$(EFFECTIVE_PLATFORM_NAME)";
				OTHER_LDFLAGS = "-all_load";
				PRODUCT_NAME = "$(TARGET_NAME)";
				SWIFT_OBJC_BRIDGING_HEADER = "PetrolMap/PetrolMap-Bridging-Header.h";
			};
			name = Release;
		};
		EC174FFD19BA1ED00011469C /* Debug */ = {
			isa = XCBuildConfiguration;
			buildSettings = {
				BUNDLE_LOADER = "$(TEST_HOST)";
				FRAMEWORK_SEARCH_PATHS = (
					"$(SDKROOT)/Developer/Library/Frameworks",
					"$(inherited)",
				);
				GCC_PREPROCESSOR_DEFINITIONS = (
					"DEBUG=1",
					"$(inherited)",
				);
				INFOPLIST_FILE = PetrolMapTests/Info.plist;
				LD_RUNPATH_SEARCH_PATHS = "$(inherited) @executable_path/Frameworks @loader_path/Frameworks";
				PRODUCT_NAME = "$(TARGET_NAME)";
				TEST_HOST = "$(BUILT_PRODUCTS_DIR)/PetrolMap.app/PetrolMap";
			};
			name = Debug;
		};
		EC174FFE19BA1ED00011469C /* Release */ = {
			isa = XCBuildConfiguration;
			buildSettings = {
				BUNDLE_LOADER = "$(TEST_HOST)";
				FRAMEWORK_SEARCH_PATHS = (
					"$(SDKROOT)/Developer/Library/Frameworks",
					"$(inherited)",
				);
				INFOPLIST_FILE = PetrolMapTests/Info.plist;
				LD_RUNPATH_SEARCH_PATHS = "$(inherited) @executable_path/Frameworks @loader_path/Frameworks";
				PRODUCT_NAME = "$(TARGET_NAME)";
				TEST_HOST = "$(BUILT_PRODUCTS_DIR)/PetrolMap.app/PetrolMap";
			};
			name = Release;
		};
/* End XCBuildConfiguration section */

/* Begin XCConfigurationList section */
		EC174FD819BA1ED00011469C /* Build configuration list for PBXProject "PetrolMap" */ = {
			isa = XCConfigurationList;
			buildConfigurations = (
				EC174FF719BA1ED00011469C /* Debug */,
				EC174FF819BA1ED00011469C /* Release */,
			);
			defaultConfigurationIsVisible = 0;
			defaultConfigurationName = Release;
		};
		EC174FF919BA1ED00011469C /* Build configuration list for PBXNativeTarget "PetrolMap" */ = {
			isa = XCConfigurationList;
			buildConfigurations = (
				EC174FFA19BA1ED00011469C /* Debug */,
				EC174FFB19BA1ED00011469C /* Release */,
			);
			defaultConfigurationIsVisible = 0;
			defaultConfigurationName = Release;
		};
		EC174FFC19BA1ED00011469C /* Build configuration list for PBXNativeTarget "PetrolMapTests" */ = {
			isa = XCConfigurationList;
			buildConfigurations = (
				EC174FFD19BA1ED00011469C /* Debug */,
				EC174FFE19BA1ED00011469C /* Release */,
			);
			defaultConfigurationIsVisible = 0;
			defaultConfigurationName = Release;
		};
/* End XCConfigurationList section */
	};
	rootObject = EC174FD519BA1ED00011469C /* Project object */;
}
